
Microsoft Visual Studio Solution File, Format Version 12.00
# Visual Studio Version 17
VisualStudioVersion = 17.7.34031.279
MinimumVisualStudioVersion = 10.0.40219.1
Project("{9A19103F-16F7-4668-BE54-9A1E7A4F7556}") = "VisualizationLibrary", "VisualizationLibrary\VisualizationLibrary.csproj", "{0923B9F9-4914-4D61-B0D5-2E03BCB84C66}"
EndProject
Project("{9A19103F-16F7-4668-BE54-9A1E7A4F7556}") = "VisualizationUI", "VisualizationUI\VisualizationUI.csproj", "{89D4D7AA-8B48-4C75-8829-936472A9603D}"
EndProject
Global
	GlobalSection(SolutionConfigurationPlatforms) = preSolution
		Debug|Any CPU = Debug|Any CPU
		Release|Any CPU = Release|Any CPU
	EndGlobalSection
	GlobalSection(ProjectConfigurationPlatforms) = postSolution
		{0923B9F9-4914-4D61-B0D5-2E03BCB84C66}.Debug|Any CPU.ActiveCfg = Debug|Any CPU
		{0923B9F9-4914-4D61-B0D5-2E03BCB84C66}.Debug|Any CPU.Build.0 = Debug|Any CPU
		{0923B9F9-4914-4D61-B0D5-2E03BCB84C66}.Release|Any CPU.ActiveCfg = Release|Any CPU
		{0923B9F9-4914-4D61-B0D5-2E03BCB84C66}.Release|Any CPU.Build.0 = Release|Any CPU
		{89D4D7AA-8B48-4C75-8829-936472A9603D}.Debug|Any CPU.ActiveCfg = Debug|Any CPU
		{89D4D7AA-8B48-4C75-8829-936472A9603D}.Debug|Any CPU.Build.0 = Debug|Any CPU
		{89D4D7AA-8B48-4C75-8829-936472A9603D}.Release|Any CPU.ActiveCfg = Release|Any CPU
		{89D4D7AA-8B48-4C75-8829-936472A9603D}.Release|Any CPU.Build.0 = Release|Any CPU
	EndGlobalSection
	GlobalSection(SolutionProperties) = preSolution
		HideSolutionNode = FALSE
	EndGlobalSection
	GlobalSection(ExtensibilityGlobals) = postSolution
		SolutionGuid = {6AD075F9-A15C-4736-8E62-C597673DA8A4}
	EndGlobalSection
EndGlobal
